// !$*UTF8*$!
{
	archiveVersion = 1;
	classes = {
	};
	objectVersion = 46;
	objects = {

/* Begin PBXBuildFile section */
		312731F7178A1F6800849142 /* aliasPath.m in Sources */ = {isa = PBXBuildFile; fileRef = 312731F6178A1F6800849142 /* aliasPath.m */; };
		CE01B4C41789E12200A48802 /* Foundation.framework in Frameworks */ = {isa = PBXBuildFile; fileRef = CE01B4C31789E12200A48802 /* Foundation.framework */; };
/* End PBXBuildFile section */

/* Begin PBXCopyFilesBuildPhase section */
		CE01B4B51789E10100A48802 /* CopyFiles */ = {
			isa = PBXCopyFilesBuildPhase;
			buildActionMask = 2147483647;
			dstPath = /usr/share/man/man1/;
			dstSubfolderSpec = 0;
			files = (
			);
			runOnlyForDeploymentPostprocessing = 1;
		};
/* End PBXCopyFilesBuildPhase section */

/* Begin PBXFileReference section */
		312731F6178A1F6800849142 /* aliasPath.m */ = {isa = PBXFileReference; fileEncoding = 4; lastKnownFileType = sourcecode.c.objc; path = aliasPath.m; sourceTree = "<group>"; };
		312731F8178A24E000849142 /* readme.rst */ = {isa = PBXFileReference; lastKnownFileType = text; path = readme.rst; sourceTree = "<group>"; };
		CE01B4B71789E10100A48802 /* aliasPath */ = {isa = PBXFileReference; explicitFileType = "compiled.mach-o.executable"; includeInIndex = 0; path = aliasPath; sourceTree = BUILT_PRODUCTS_DIR; };
		CE01B4C31789E12200A48802 /* Foundation.framework */ = {isa = PBXFileReference; lastKnownFileType = wrapper.framework; name = Foundation.framework; path = System/Library/Frameworks/Foundation.framework; sourceTree = SDKROOT; };
/* End PBXFileReference section */

/* Begin PBXFrameworksBuildPhase section */
		CE01B4B41789E10100A48802 /* Frameworks */ = {
			isa = PBXFrameworksBuildPhase;
			buildActionMask = 2147483647;
			files = (
				CE01B4C41789E12200A48802 /* Foundation.framework in Frameworks */,
			);
			runOnlyForDeploymentPostprocessing = 0;
		};
/* End PBXFrameworksBuildPhase section */

/* Begin PBXGroup section */
		CE01B4AE1789E10100A48802 = {
			isa = PBXGroup;
			children = (
				312731F8178A24E000849142 /* readme.rst */,
				312731F6178A1F6800849142 /* aliasPath.m */,
				CE01B4B81789E10100A48802 /* Products */,
				CE01B4C31789E12200A48802 /* Foundation.framework */,
			);
			indentWidth = 4;
			sourceTree = "<group>";
		};
		CE01B4B81789E10100A48802 /* Products */ = {
			isa = PBXGroup;
			children = (
				CE01B4B71789E10100A48802 /* aliasPath */,
			);
			name = Products;
			sourceTree = "<group>";
		};
/* End PBXGroup section */

/* Begin PBXNativeTarget section */
		CE01B4B61789E10100A48802 /* aliasPath */ = {
			isa = PBXNativeTarget;
			buildConfigurationList = CE01B4C01789E10100A48802 /* Build configuration list for PBXNativeTarget "aliasPath" */;
			buildPhases = (
				CE01B4B31789E10100A48802 /* Sources */,
				CE01B4B41789E10100A48802 /* Frameworks */,
				CE01B4B51789E10100A48802 /* CopyFiles */,
			);
			buildRules = (
			);
			dependencies = (
			);
			name = aliasPath;
			productName = aliasPath;
			productReference = CE01B4B71789E10100A48802 /* aliasPath */;
			productType = "com.apple.product-type.tool";
		};
/* End PBXNativeTarget section */

/* Begin PBXProject section */
		CE01B4AF1789E10100A48802 /* Project object */ = {
			isa = PBXProject;
			attributes = {
				LastUpgradeCheck = 0460;
				ORGANIZATIONNAME = "Mac User";
			};
			buildConfigurationList = CE01B4B21789E10100A48802 /* Build configuration list for PBXProject "aliasPath" */;
			compatibilityVersion = "Xcode 3.2";
			developmentRegion = English;
			hasScannedForEncodings = 0;
			knownRegions = (
				en,
			);
			mainGroup = CE01B4AE1789E10100A48802;
			productRefGroup = CE01B4B81789E10100A48802 /* Products */;
			projectDirPath = "";
			projectRoot = "";
			targets = (
				CE01B4B61789E10100A48802 /* aliasPath */,
			);
		};
/* End PBXProject section */

/* Begin PBXSourcesBuildPhase section */
		CE01B4B31789E10100A48802 /* Sources */ = {
			isa = PBXSourcesBuildPhase;
			buildActionMask = 2147483647;
			files = (
				312731F7178A1F6800849142 /* aliasPath.m in Sources */,
			);
			runOnlyForDeploymentPostprocessing = 0;
		};
/* End PBXSourcesBuildPhase section */

/* Begin XCBuildConfiguration section */
		CE01B4BE1789E10100A48802 /* Debug */ = {
			isa = XCBuildConfiguration;
			buildSettings = {
				ALWAYS_SEARCH_USER_PATHS = NO;
				ARCHS = "$(ARCHS_STANDARD_64_BIT)";
				CLANG_CXX_LANGUAGE_STANDARD = "gnu++0x";
				CLANG_CXX_LIBRARY = "libc++";
				CLANG_ENABLE_OBJC_ARC = YES;
				CLANG_WARN_CONSTANT_CONVERSION = YES;
				CLANG_WARN_EMPTY_BODY = YES;
				CLANG_WARN_ENUM_CONVERSION = YES;
				CLANG_WARN_INT_CONVERSION = YES;
				CLANG_WARN__DUPLICATE_METHOD_MATCH = YES;
				COPY_PHASE_STRIP = NO;
				DSTROOT = /;
				GCC_C_LANGUAGE_STANDARD = gnu99;
				GCC_DYNAMIC_NO_PIC = NO;
				GCC_ENABLE_OBJC_EXCEPTIONS = YES;
				GCC_OPTIMIZATION_LEVEL = 0;
				GCC_PREPROCESSOR_DEFINITIONS = (
					"DEBUG=1",
					"$(inherited)",
				);
				GCC_SYMBOLS_PRIVATE_EXTERN = NO;
				GCC_WARN_64_TO_32_BIT_CONVERSION = YES;
				GCC_WARN_ABOUT_RETURN_TYPE = YES;
				GCC_WARN_UNINITIALIZED_AUTOS = YES;
				GCC_WARN_UNUSED_VARIABLE = YES;
				MACOSX_DEPLOYMENT_TARGET = "";
				ONLY_ACTIVE_ARCH = YES;
				SDKROOT = macosx;
			};
			name = Debug;
		};
		CE01B4BF1789E10100A48802 /* Release */ = {
			isa = XCBuildConfiguration;
			buildSettings = {
				ALWAYS_SEARCH_USER_PATHS = NO;
				ARCHS = "$(ARCHS_STANDARD_64_BIT)";
				CLANG_CXX_LANGUAGE_STANDARD = "gnu++0x";
				CLANG_CXX_LIBRARY = "libc++";
				CLANG_ENABLE_OBJC_ARC = YES;
				CLANG_WARN_CONSTANT_CONVERSION = YES;
				CLANG_WARN_EMPTY_BODY = YES;
				CLANG_WARN_ENUM_CONVERSION = YES;
				CLANG_WARN_INT_CONVERSION = YES;
				CLANG_WARN__DUPLICATE_METHOD_MATCH = YES;
				COPY_PHASE_STRIP = YES;
				DEBUG_INFORMATION_FORMAT = "dwarf-with-dsym";
				DSTROOT = /;
				GCC_C_LANGUAGE_STANDARD = gnu99;
				GCC_ENABLE_OBJC_EXCEPTIONS = YES;
				GCC_WARN_64_TO_32_BIT_CONVERSION = YES;
				GCC_WARN_ABOUT_RETURN_TYPE = YES;
				GCC_WARN_UNINITIALIZED_AUTOS = YES;
				GCC_WARN_UNUSED_VARIABLE = YES;
				MACOSX_DEPLOYMENT_TARGET = "";
				SDKROOT = macosx;
			};
			name = Release;
		};
		CE01B4C11789E10100A48802 /* Debug */ = {
			isa = XCBuildConfiguration;
			buildSettings = {
				PRODUCT_NAME = "$(TARGET_NAME)";
			};
			name = Debug;
		};
		CE01B4C21789E10100A48802 /* Release */ = {
			isa = XCBuildConfiguration;
			buildSettings = {
				PRODUCT_NAME = "$(TARGET_NAME)";
			};
			name = Release;
		};
/* End XCBuildConfiguration section */

/* Begin XCConfigurationList section */
		CE01B4B21789E10100A48802 /* Build configuration list for PBXProject "aliasPath" */ = {
			isa = XCConfigurationList;
			buildConfigurations = (
				CE01B4BE1789E10100A48802 /* Debug */,
				CE01B4BF1789E10100A48802 /* Release */,
			);
			defaultConfigurationIsVisible = 0;
			defaultConfigurationName = Release;
		};
		CE01B4C01789E10100A48802 /* Build configuration list for PBXNativeTarget "aliasPath" */ = {
			isa = XCConfigurationList;
			buildConfigurations = (
				CE01B4C11789E10100A48802 /* Debug */,
				CE01B4C21789E10100A48802 /* Release */,
			);
			defaultConfigurationIsVisible = 0;
			defaultConfigurationName = Release;
		};
/* End XCConfigurationList section */
	};
	rootObject = CE01B4AF1789E10100A48802 /* Project object */;
}
